
Microsoft Visual Studio Solution File, Format Version 12.00
# Visual Studio Version 16
VisualStudioVersion = 16.0.29920.165
MinimumVisualStudioVersion = 10.0.40219.1
Project("{FAE04EC0-301F-11D3-BF4B-00C04F79EFBC}") = "F-Store", "F-Store\F-Store.csproj", "{9085E2FD-9907-4790-831C-9A5F29AD95D7}"
EndProject
Project("{FAE04EC0-301F-11D3-BF4B-00C04F79EFBC}") = "F-Store.Tests", "F-Store.Tests\F-Store.Tests.csproj", "{C69E5D60-9A7E-460A-93E6-33D736EDCFB8}"
EndProject
Global
	GlobalSection(SolutionConfigurationPlatforms) = preSolution
		Debug|Any CPU = Debug|Any CPU
		Release|Any CPU = Release|Any CPU
	EndGlobalSection
	GlobalSection(ProjectConfigurationPlatforms) = postSolution
		{9085E2FD-9907-4790-831C-9A5F29AD95D7}.Debug|Any CPU.ActiveCfg = Debug|Any CPU
		{9085E2FD-9907-4790-831C-9A5F29AD95D7}.Debug|Any CPU.Build.0 = Debug|Any CPU
		{9085E2FD-9907-4790-831C-9A5F29AD95D7}.Release|Any CPU.ActiveCfg = Release|Any CPU
		{9085E2FD-9907-4790-831C-9A5F29AD95D7}.Release|Any CPU.Build.0 = Release|Any CPU
		{C69E5D60-9A7E-460A-93E6-33D736EDCFB8}.Debug|Any CPU.ActiveCfg = Debug|Any CPU
		{C69E5D60-9A7E-460A-93E6-33D736EDCFB8}.Debug|Any CPU.Build.0 = Debug|Any CPU
		{C69E5D60-9A7E-460A-93E6-33D736EDCFB8}.Release|Any CPU.ActiveCfg = Release|Any CPU
		{C69E5D60-9A7E-460A-93E6-33D736EDCFB8}.Release|Any CPU.Build.0 = Release|Any CPU
	EndGlobalSection
	GlobalSection(SolutionProperties) = preSolution
		HideSolutionNode = FALSE
	EndGlobalSection
	GlobalSection(ExtensibilityGlobals) = postSolution
		SolutionGuid = {B2961BC7-5D34-4419-B845-FF5E709BFF3F}
	EndGlobalSection
EndGlobal
